
Microsoft Visual Studio Solution File, Format Version 12.00
# Visual Studio Version 17
VisualStudioVersion = 17.8.34322.80
MinimumVisualStudioVersion = 10.0.40219.1
Project("{9A19103F-16F7-4668-BE54-9A1E7A4F7556}") = "Sport.Api", "Sport.Api\Sport.Api.csproj", "{536E5AFB-37A4-46B1-8FCC-1D8DFA1C8628}"
EndProject
Project("{2150E333-8FDC-42A3-9474-1A3956D46DE8}") = "src", "src", "{73A826E7-7356-4421-8D37-56F572BC9CE4}"
EndProject
Project("{2150E333-8FDC-42A3-9474-1A3956D46DE8}") = "Sport", "Sport", "{429F925B-FBF8-4875-B58A-32B11DC950B1}"
EndProject
Project("{2150E333-8FDC-42A3-9474-1A3956D46DE8}") = "CarFactory", "CarFactory", "{453C7E9F-EEF7-4E3A-809B-2CC62C1E22CB}"
EndProject
Project("{2150E333-8FDC-42A3-9474-1A3956D46DE8}") = "EduCenter", "EduCenter", "{D98B6A6D-5CCD-4EB4-A9EC-F4EC97E5679D}"
EndProject
Project("{2150E333-8FDC-42A3-9474-1A3956D46DE8}") = "Community", "Community", "{331E6055-6F1B-4F25-8537-1175329C4176}"
EndProject
Project("{2150E333-8FDC-42A3-9474-1A3956D46DE8}") = "ApiGateway", "ApiGateway", "{8C3AF9E0-1E15-4EA3-A89D-BD6013ACB99E}"
EndProject
Project("{9A19103F-16F7-4668-BE54-9A1E7A4F7556}") = "Sport.Domain", "Sport.Domain\Sport.Domain.csproj", "{0B5058B0-A364-456A-95CC-7A3F20471EF4}"
EndProject
Project("{9A19103F-16F7-4668-BE54-9A1E7A4F7556}") = "Sport.DataApplication", "Sport.Service\Sport.DataApplication.csproj", "{F5D9BD99-6340-458F-AD59-43552C7C1E8E}"
EndProject
Project("{9A19103F-16F7-4668-BE54-9A1E7A4F7556}") = "Sport.Infrastructure", "Sport.Infrastructure\Sport.Infrastructure.csproj", "{081A8B19-6378-4DED-8AF8-63F029E2DB7A}"
EndProject
Project("{9A19103F-16F7-4668-BE54-9A1E7A4F7556}") = "EduCenter.Api", "EduCenter.Api\EduCenter.Api.csproj", "{226DFCEB-9FBD-4592-B672-3ED79A94C977}"
EndProject
Project("{9A19103F-16F7-4668-BE54-9A1E7A4F7556}") = "EduCenter.Domain", "EduCenter.Domain\EduCenter.Domain.csproj", "{5F4B3216-DFFD-4BBE-B7E7-952F4DBEE4FB}"
EndProject
Project("{9A19103F-16F7-4668-BE54-9A1E7A4F7556}") = "EduCenter.Infrastructure", "EduCenter.Infrastructure\EduCenter.Infrastructure.csproj", "{EC570445-DF69-40A8-BC54-7B9634BA14ED}"
EndProject
Project("{9A19103F-16F7-4668-BE54-9A1E7A4F7556}") = "EduCenter.Application", "EduCenter.Application\EduCenter.Application.csproj", "{3F33B7A4-E128-4428-B55C-6F96CD5A7569}"
EndProject
Project("{9A19103F-16F7-4668-BE54-9A1E7A4F7556}") = "Community.Api", "Community.Api\Community.Api.csproj", "{EF169B11-6616-4999-9E8D-78C5ABB37347}"
EndProject
Project("{9A19103F-16F7-4668-BE54-9A1E7A4F7556}") = "Community.Domain", "Community.Domain\Community.Domain.csproj", "{351468A3-B3A0-4CDB-A00E-986038A19B5B}"
EndProject
Project("{9A19103F-16F7-4668-BE54-9A1E7A4F7556}") = "Community.Infrastructure", "Community.Infrastructure\Community.Infrastructure.csproj", "{6C5C09E4-B02B-4B93-818A-FBA63BA240B6}"
EndProject
Project("{9A19103F-16F7-4668-BE54-9A1E7A4F7556}") = "Community.Service", "Community.DataAccess\Community.Service.csproj", "{D0D01E58-5F7F-4AAC-A0BD-A2E403861B96}"
EndProject
Project("{9A19103F-16F7-4668-BE54-9A1E7A4F7556}") = "CarFactory.Api", "CarFactory.Api\CarFactory.Api.csproj", "{A230A602-257D-43C3-943F-E9FE0962994F}"
EndProject
Project("{9A19103F-16F7-4668-BE54-9A1E7A4F7556}") = "CarFactory.Domain", "CarFactory.Domain\CarFactory.Domain.csproj", "{DCF7868A-087A-49E3-8D65-27BE37A87B3D}"
EndProject
Project("{9A19103F-16F7-4668-BE54-9A1E7A4F7556}") = "CarFactory.Application", "CarFactory.Service\CarFactory.Application.csproj", "{D8DADB20-A90C-44E0-A353-1D465BC00B4C}"
EndProject
Project("{9A19103F-16F7-4668-BE54-9A1E7A4F7556}") = "CarFactory.Infrastructure", "CarFactory.DataAccess\CarFactory.Infrastructure.csproj", "{E4AE993C-39EE-43C2-ABA2-17BBE1618313}"
EndProject
Project("{9A19103F-16F7-4668-BE54-9A1E7A4F7556}") = "ApiGateway.Api", "ApiGateway.Api\ApiGateway.Api.csproj", "{3209A624-CAAD-4FF5-9E57-B987429A01F0}"
EndProject
Project("{2150E333-8FDC-42A3-9474-1A3956D46DE8}") = "JWT", "JWT", "{30CDE661-CAE6-408A-B10D-04CCDF363859}"
EndProject
Project("{FAE04EC0-301F-11D3-BF4B-00C04F79EFBC}") = "Authtorisation.Api", "Authtorisation.Api\Authtorisation.Api.csproj", "{3596E176-4E53-4DA5-AE55-8BC252FB2993}"
EndProject
Project("{E53339B2-1760-4266-BCC7-CA923CBCF16C}") = "docker-compose", "docker-compose.dcproj", "{3BC578CE-8160-47E9-8790-314C71E3A958}"
EndProject
Global
	GlobalSection(SolutionConfigurationPlatforms) = preSolution
		Debug|Any CPU = Debug|Any CPU
		Release|Any CPU = Release|Any CPU
	EndGlobalSection
	GlobalSection(ProjectConfigurationPlatforms) = postSolution
		{536E5AFB-37A4-46B1-8FCC-1D8DFA1C8628}.Debug|Any CPU.ActiveCfg = Debug|Any CPU
		{536E5AFB-37A4-46B1-8FCC-1D8DFA1C8628}.Debug|Any CPU.Build.0 = Debug|Any CPU
		{536E5AFB-37A4-46B1-8FCC-1D8DFA1C8628}.Release|Any CPU.ActiveCfg = Release|Any CPU
		{536E5AFB-37A4-46B1-8FCC-1D8DFA1C8628}.Release|Any CPU.Build.0 = Release|Any CPU
		{0B5058B0-A364-456A-95CC-7A3F20471EF4}.Debug|Any CPU.ActiveCfg = Debug|Any CPU
		{0B5058B0-A364-456A-95CC-7A3F20471EF4}.Debug|Any CPU.Build.0 = Debug|Any CPU
		{0B5058B0-A364-456A-95CC-7A3F20471EF4}.Release|Any CPU.ActiveCfg = Release|Any CPU
		{0B5058B0-A364-456A-95CC-7A3F20471EF4}.Release|Any CPU.Build.0 = Release|Any CPU
		{F5D9BD99-6340-458F-AD59-43552C7C1E8E}.Debug|Any CPU.ActiveCfg = Debug|Any CPU
		{F5D9BD99-6340-458F-AD59-43552C7C1E8E}.Debug|Any CPU.Build.0 = Debug|Any CPU
		{F5D9BD99-6340-458F-AD59-43552C7C1E8E}.Release|Any CPU.ActiveCfg = Release|Any CPU
		{F5D9BD99-6340-458F-AD59-43552C7C1E8E}.Release|Any CPU.Build.0 = Release|Any CPU
		{081A8B19-6378-4DED-8AF8-63F029E2DB7A}.Debug|Any CPU.ActiveCfg = Debug|Any CPU
		{081A8B19-6378-4DED-8AF8-63F029E2DB7A}.Debug|Any CPU.Build.0 = Debug|Any CPU
		{081A8B19-6378-4DED-8AF8-63F029E2DB7A}.Release|Any CPU.ActiveCfg = Release|Any CPU
		{081A8B19-6378-4DED-8AF8-63F029E2DB7A}.Release|Any CPU.Build.0 = Release|Any CPU
		{226DFCEB-9FBD-4592-B672-3ED79A94C977}.Debug|Any CPU.ActiveCfg = Debug|Any CPU
		{226DFCEB-9FBD-4592-B672-3ED79A94C977}.Debug|Any CPU.Build.0 = Debug|Any CPU
		{226DFCEB-9FBD-4592-B672-3ED79A94C977}.Release|Any CPU.ActiveCfg = Release|Any CPU
		{226DFCEB-9FBD-4592-B672-3ED79A94C977}.Release|Any CPU.Build.0 = Release|Any CPU
		{5F4B3216-DFFD-4BBE-B7E7-952F4DBEE4FB}.Debug|Any CPU.ActiveCfg = Debug|Any CPU
		{5F4B3216-DFFD-4BBE-B7E7-952F4DBEE4FB}.Debug|Any CPU.Build.0 = Debug|Any CPU
		{5F4B3216-DFFD-4BBE-B7E7-952F4DBEE4FB}.Release|Any CPU.ActiveCfg = Release|Any CPU
		{5F4B3216-DFFD-4BBE-B7E7-952F4DBEE4FB}.Release|Any CPU.Build.0 = Release|Any CPU
		{EC570445-DF69-40A8-BC54-7B9634BA14ED}.Debug|Any CPU.ActiveCfg = Debug|Any CPU
		{EC570445-DF69-40A8-BC54-7B9634BA14ED}.Debug|Any CPU.Build.0 = Debug|Any CPU
		{EC570445-DF69-40A8-BC54-7B9634BA14ED}.Release|Any CPU.ActiveCfg = Release|Any CPU
		{EC570445-DF69-40A8-BC54-7B9634BA14ED}.Release|Any CPU.Build.0 = Release|Any CPU
		{3F33B7A4-E128-4428-B55C-6F96CD5A7569}.Debug|Any CPU.ActiveCfg = Debug|Any CPU
		{3F33B7A4-E128-4428-B55C-6F96CD5A7569}.Debug|Any CPU.Build.0 = Debug|Any CPU
		{3F33B7A4-E128-4428-B55C-6F96CD5A7569}.Release|Any CPU.ActiveCfg = Release|Any CPU
		{3F33B7A4-E128-4428-B55C-6F96CD5A7569}.Release|Any CPU.Build.0 = Release|Any CPU
		{EF169B11-6616-4999-9E8D-78C5ABB37347}.Debug|Any CPU.ActiveCfg = Debug|Any CPU
		{EF169B11-6616-4999-9E8D-78C5ABB37347}.Debug|Any CPU.Build.0 = Debug|Any CPU
		{EF169B11-6616-4999-9E8D-78C5ABB37347}.Release|Any CPU.ActiveCfg = Release|Any CPU
		{EF169B11-6616-4999-9E8D-78C5ABB37347}.Release|Any CPU.Build.0 = Release|Any CPU
		{351468A3-B3A0-4CDB-A00E-986038A19B5B}.Debug|Any CPU.ActiveCfg = Debug|Any CPU
		{351468A3-B3A0-4CDB-A00E-986038A19B5B}.Debug|Any CPU.Build.0 = Debug|Any CPU
		{351468A3-B3A0-4CDB-A00E-986038A19B5B}.Release|Any CPU.ActiveCfg = Release|Any CPU
		{351468A3-B3A0-4CDB-A00E-986038A19B5B}.Release|Any CPU.Build.0 = Release|Any CPU
		{6C5C09E4-B02B-4B93-818A-FBA63BA240B6}.Debug|Any CPU.ActiveCfg = Debug|Any CPU
		{6C5C09E4-B02B-4B93-818A-FBA63BA240B6}.Debug|Any CPU.Build.0 = Debug|Any CPU
		{6C5C09E4-B02B-4B93-818A-FBA63BA240B6}.Release|Any CPU.ActiveCfg = Release|Any CPU
		{6C5C09E4-B02B-4B93-818A-FBA63BA240B6}.Release|Any CPU.Build.0 = Release|Any CPU
		{D0D01E58-5F7F-4AAC-A0BD-A2E403861B96}.Debug|Any CPU.ActiveCfg = Debug|Any CPU
		{D0D01E58-5F7F-4AAC-A0BD-A2E403861B96}.Debug|Any CPU.Build.0 = Debug|Any CPU
		{D0D01E58-5F7F-4AAC-A0BD-A2E403861B96}.Release|Any CPU.ActiveCfg = Release|Any CPU
		{D0D01E58-5F7F-4AAC-A0BD-A2E403861B96}.Release|Any CPU.Build.0 = Release|Any CPU
		{A230A602-257D-43C3-943F-E9FE0962994F}.Debug|Any CPU.ActiveCfg = Debug|Any CPU
		{A230A602-257D-43C3-943F-E9FE0962994F}.Debug|Any CPU.Build.0 = Debug|Any CPU
		{A230A602-257D-43C3-943F-E9FE0962994F}.Release|Any CPU.ActiveCfg = Release|Any CPU
		{A230A602-257D-43C3-943F-E9FE0962994F}.Release|Any CPU.Build.0 = Release|Any CPU
		{DCF7868A-087A-49E3-8D65-27BE37A87B3D}.Debug|Any CPU.ActiveCfg = Debug|Any CPU
		{DCF7868A-087A-49E3-8D65-27BE37A87B3D}.Debug|Any CPU.Build.0 = Debug|Any CPU
		{DCF7868A-087A-49E3-8D65-27BE37A87B3D}.Release|Any CPU.ActiveCfg = Release|Any CPU
		{DCF7868A-087A-49E3-8D65-27BE37A87B3D}.Release|Any CPU.Build.0 = Release|Any CPU
		{D8DADB20-A90C-44E0-A353-1D465BC00B4C}.Debug|Any CPU.ActiveCfg = Debug|Any CPU
		{D8DADB20-A90C-44E0-A353-1D465BC00B4C}.Debug|Any CPU.Build.0 = Debug|Any CPU
		{D8DADB20-A90C-44E0-A353-1D465BC00B4C}.Release|Any CPU.ActiveCfg = Release|Any CPU
		{D8DADB20-A90C-44E0-A353-1D465BC00B4C}.Release|Any CPU.Build.0 = Release|Any CPU
		{E4AE993C-39EE-43C2-ABA2-17BBE1618313}.Debug|Any CPU.ActiveCfg = Debug|Any CPU
		{E4AE993C-39EE-43C2-ABA2-17BBE1618313}.Debug|Any CPU.Build.0 = Debug|Any CPU
		{E4AE993C-39EE-43C2-ABA2-17BBE1618313}.Release|Any CPU.ActiveCfg = Release|Any CPU
		{E4AE993C-39EE-43C2-ABA2-17BBE1618313}.Release|Any CPU.Build.0 = Release|Any CPU
		{3209A624-CAAD-4FF5-9E57-B987429A01F0}.Debug|Any CPU.ActiveCfg = Debug|Any CPU
		{3209A624-CAAD-4FF5-9E57-B987429A01F0}.Debug|Any CPU.Build.0 = Debug|Any CPU
		{3209A624-CAAD-4FF5-9E57-B987429A01F0}.Release|Any CPU.ActiveCfg = Release|Any CPU
		{3209A624-CAAD-4FF5-9E57-B987429A01F0}.Release|Any CPU.Build.0 = Release|Any CPU
		{3596E176-4E53-4DA5-AE55-8BC252FB2993}.Debug|Any CPU.ActiveCfg = Debug|Any CPU
		{3596E176-4E53-4DA5-AE55-8BC252FB2993}.Debug|Any CPU.Build.0 = Debug|Any CPU
		{3596E176-4E53-4DA5-AE55-8BC252FB2993}.Release|Any CPU.ActiveCfg = Release|Any CPU
		{3596E176-4E53-4DA5-AE55-8BC252FB2993}.Release|Any CPU.Build.0 = Release|Any CPU
		{3BC578CE-8160-47E9-8790-314C71E3A958}.Debug|Any CPU.ActiveCfg = Debug|Any CPU
		{3BC578CE-8160-47E9-8790-314C71E3A958}.Debug|Any CPU.Build.0 = Debug|Any CPU
		{3BC578CE-8160-47E9-8790-314C71E3A958}.Release|Any CPU.ActiveCfg = Release|Any CPU
		{3BC578CE-8160-47E9-8790-314C71E3A958}.Release|Any CPU.Build.0 = Release|Any CPU
	EndGlobalSection
	GlobalSection(SolutionProperties) = preSolution
		HideSolutionNode = FALSE
	EndGlobalSection
	GlobalSection(NestedProjects) = preSolution
		{536E5AFB-37A4-46B1-8FCC-1D8DFA1C8628} = {429F925B-FBF8-4875-B58A-32B11DC950B1}
		{429F925B-FBF8-4875-B58A-32B11DC950B1} = {73A826E7-7356-4421-8D37-56F572BC9CE4}
		{453C7E9F-EEF7-4E3A-809B-2CC62C1E22CB} = {73A826E7-7356-4421-8D37-56F572BC9CE4}
		{D98B6A6D-5CCD-4EB4-A9EC-F4EC97E5679D} = {73A826E7-7356-4421-8D37-56F572BC9CE4}
		{331E6055-6F1B-4F25-8537-1175329C4176} = {73A826E7-7356-4421-8D37-56F572BC9CE4}
		{8C3AF9E0-1E15-4EA3-A89D-BD6013ACB99E} = {73A826E7-7356-4421-8D37-56F572BC9CE4}
		{0B5058B0-A364-456A-95CC-7A3F20471EF4} = {429F925B-FBF8-4875-B58A-32B11DC950B1}
		{F5D9BD99-6340-458F-AD59-43552C7C1E8E} = {429F925B-FBF8-4875-B58A-32B11DC950B1}
		{081A8B19-6378-4DED-8AF8-63F029E2DB7A} = {429F925B-FBF8-4875-B58A-32B11DC950B1}
		{226DFCEB-9FBD-4592-B672-3ED79A94C977} = {D98B6A6D-5CCD-4EB4-A9EC-F4EC97E5679D}
		{5F4B3216-DFFD-4BBE-B7E7-952F4DBEE4FB} = {D98B6A6D-5CCD-4EB4-A9EC-F4EC97E5679D}
		{EC570445-DF69-40A8-BC54-7B9634BA14ED} = {D98B6A6D-5CCD-4EB4-A9EC-F4EC97E5679D}
		{3F33B7A4-E128-4428-B55C-6F96CD5A7569} = {D98B6A6D-5CCD-4EB4-A9EC-F4EC97E5679D}
		{EF169B11-6616-4999-9E8D-78C5ABB37347} = {331E6055-6F1B-4F25-8537-1175329C4176}
		{351468A3-B3A0-4CDB-A00E-986038A19B5B} = {331E6055-6F1B-4F25-8537-1175329C4176}
		{6C5C09E4-B02B-4B93-818A-FBA63BA240B6} = {331E6055-6F1B-4F25-8537-1175329C4176}
		{D0D01E58-5F7F-4AAC-A0BD-A2E403861B96} = {331E6055-6F1B-4F25-8537-1175329C4176}
		{A230A602-257D-43C3-943F-E9FE0962994F} = {453C7E9F-EEF7-4E3A-809B-2CC62C1E22CB}
		{DCF7868A-087A-49E3-8D65-27BE37A87B3D} = {453C7E9F-EEF7-4E3A-809B-2CC62C1E22CB}
		{D8DADB20-A90C-44E0-A353-1D465BC00B4C} = {453C7E9F-EEF7-4E3A-809B-2CC62C1E22CB}
		{E4AE993C-39EE-43C2-ABA2-17BBE1618313} = {453C7E9F-EEF7-4E3A-809B-2CC62C1E22CB}
		{3209A624-CAAD-4FF5-9E57-B987429A01F0} = {8C3AF9E0-1E15-4EA3-A89D-BD6013ACB99E}
		{30CDE661-CAE6-408A-B10D-04CCDF363859} = {73A826E7-7356-4421-8D37-56F572BC9CE4}
		{3596E176-4E53-4DA5-AE55-8BC252FB2993} = {30CDE661-CAE6-408A-B10D-04CCDF363859}
	EndGlobalSection
	GlobalSection(ExtensibilityGlobals) = postSolution
		SolutionGuid = {B1E77C95-0EB2-4528-89CF-1A73C7B091EE}
	EndGlobalSection
EndGlobal
